
Microsoft Visual Studio Solution File, Format Version 12.00
# Visual Studio Version 17
VisualStudioVersion = 17.11.35222.181
MinimumVisualStudioVersion = 10.0.40219.1
Project("{8BC9CEB8-8B4A-11D0-8D11-00A0C91BC942}") = "7.2_rec", "7.2_rec\7.2_rec.vcxproj", "{977A7A49-513F-4013-829A-76322340DAFE}"
EndProject
Project("{8BC9CEB8-8B4A-11D0-8D11-00A0C91BC942}") = "UnitTest7.2_rec", "UnitTest7.2_rec\UnitTest7.2_rec.vcxproj", "{A428D0F9-8D11-4B79-9CC7-DF8800979032}"
EndProject
Global
	GlobalSection(SolutionConfigurationPlatforms) = preSolution
		Debug|x64 = Debug|x64
		Debug|x86 = Debug|x86
		Release|x64 = Release|x64
		Release|x86 = Release|x86
	EndGlobalSection
	GlobalSection(ProjectConfigurationPlatforms) = postSolution
		{977A7A49-513F-4013-829A-76322340DAFE}.Debug|x64.ActiveCfg = Debug|x64
		{977A7A49-513F-4013-829A-76322340DAFE}.Debug|x64.Build.0 = Debug|x64
		{977A7A49-513F-4013-829A-76322340DAFE}.Debug|x86.ActiveCfg = Debug|Win32
		{977A7A49-513F-4013-829A-76322340DAFE}.Debug|x86.Build.0 = Debug|Win32
		{977A7A49-513F-4013-829A-76322340DAFE}.Release|x64.ActiveCfg = Release|x64
		{977A7A49-513F-4013-829A-76322340DAFE}.Release|x64.Build.0 = Release|x64
		{977A7A49-513F-4013-829A-76322340DAFE}.Release|x86.ActiveCfg = Release|Win32
		{977A7A49-513F-4013-829A-76322340DAFE}.Release|x86.Build.0 = Release|Win32
		{A428D0F9-8D11-4B79-9CC7-DF8800979032}.Debug|x64.ActiveCfg = Debug|x64
		{A428D0F9-8D11-4B79-9CC7-DF8800979032}.Debug|x64.Build.0 = Debug|x64
		{A428D0F9-8D11-4B79-9CC7-DF8800979032}.Debug|x86.ActiveCfg = Debug|Win32
		{A428D0F9-8D11-4B79-9CC7-DF8800979032}.Debug|x86.Build.0 = Debug|Win32
		{A428D0F9-8D11-4B79-9CC7-DF8800979032}.Release|x64.ActiveCfg = Release|x64
		{A428D0F9-8D11-4B79-9CC7-DF8800979032}.Release|x64.Build.0 = Release|x64
		{A428D0F9-8D11-4B79-9CC7-DF8800979032}.Release|x86.ActiveCfg = Release|Win32
		{A428D0F9-8D11-4B79-9CC7-DF8800979032}.Release|x86.Build.0 = Release|Win32
	EndGlobalSection
	GlobalSection(SolutionProperties) = preSolution
		HideSolutionNode = FALSE
	EndGlobalSection
	GlobalSection(ExtensibilityGlobals) = postSolution
		SolutionGuid = {C706DEC9-1398-499D-B14E-EDDE2B4F3A24}
	EndGlobalSection
EndGlobal
